
Microsoft Visual Studio Solution File, Format Version 12.00
# Visual Studio Version 17
VisualStudioVersion = 17.6.33723.286
MinimumVisualStudioVersion = 10.0.40219.1
Project("{FAE04EC0-301F-11D3-BF4B-00C04F79EFBC}") = "SistemaDeGestionDeEmpleados.Web", "SistemaDeGestionDeEmpleados.Web\SistemaDeGestionDeEmpleados.Web.csproj", "{DBB92E8F-3F19-40BC-A253-497CFCEA95AF}"
EndProject
Project("{FAE04EC0-301F-11D3-BF4B-00C04F79EFBC}") = "SistemaDeGestionDeEmpleados.Data", "SistemaDeGestionDeEmpleados.Data\SistemaDeGestionDeEmpleados.Data.csproj", "{24D9A8EF-28F8-4B88-9B5E-71018BC3AA1F}"
EndProject
Project("{FAE04EC0-301F-11D3-BF4B-00C04F79EFBC}") = "SistemaDeGestionDeEmpleados.Servicios", "SistemaDeGestionDeEmpleados.Servicios\SistemaDeGestionDeEmpleados.Servicios.csproj", "{26D69E8E-5FB9-4607-ABC3-0CDC274C2492}"
EndProject
Global
	GlobalSection(SolutionConfigurationPlatforms) = preSolution
		Debug|Any CPU = Debug|Any CPU
		Release|Any CPU = Release|Any CPU
	EndGlobalSection
	GlobalSection(ProjectConfigurationPlatforms) = postSolution
		{DBB92E8F-3F19-40BC-A253-497CFCEA95AF}.Debug|Any CPU.ActiveCfg = Debug|Any CPU
		{DBB92E8F-3F19-40BC-A253-497CFCEA95AF}.Debug|Any CPU.Build.0 = Debug|Any CPU
		{DBB92E8F-3F19-40BC-A253-497CFCEA95AF}.Release|Any CPU.ActiveCfg = Release|Any CPU
		{DBB92E8F-3F19-40BC-A253-497CFCEA95AF}.Release|Any CPU.Build.0 = Release|Any CPU
		{24D9A8EF-28F8-4B88-9B5E-71018BC3AA1F}.Debug|Any CPU.ActiveCfg = Debug|Any CPU
		{24D9A8EF-28F8-4B88-9B5E-71018BC3AA1F}.Debug|Any CPU.Build.0 = Debug|Any CPU
		{24D9A8EF-28F8-4B88-9B5E-71018BC3AA1F}.Release|Any CPU.ActiveCfg = Release|Any CPU
		{24D9A8EF-28F8-4B88-9B5E-71018BC3AA1F}.Release|Any CPU.Build.0 = Release|Any CPU
		{26D69E8E-5FB9-4607-ABC3-0CDC274C2492}.Debug|Any CPU.ActiveCfg = Debug|Any CPU
		{26D69E8E-5FB9-4607-ABC3-0CDC274C2492}.Debug|Any CPU.Build.0 = Debug|Any CPU
		{26D69E8E-5FB9-4607-ABC3-0CDC274C2492}.Release|Any CPU.ActiveCfg = Release|Any CPU
		{26D69E8E-5FB9-4607-ABC3-0CDC274C2492}.Release|Any CPU.Build.0 = Release|Any CPU
	EndGlobalSection
	GlobalSection(SolutionProperties) = preSolution
		HideSolutionNode = FALSE
	EndGlobalSection
	GlobalSection(ExtensibilityGlobals) = postSolution
		SolutionGuid = {EF119BF5-9B16-481A-B0F3-751C92D11F63}
	EndGlobalSection
EndGlobal
